
Microsoft Visual Studio Solution File, Format Version 12.00
# Visual Studio 2013
VisualStudioVersion = 12.0.31101.0
MinimumVisualStudioVersion = 10.0.40219.1
Project("{FAE04EC0-301F-11D3-BF4B-00C04F79EFBC}") = "SwaggerAPIDocumentation", "ApiDocumentation\SwaggerAPIDocumentation.csproj", "{4FCE5370-4A7E-470D-A045-FC19C8F2D18B}"
EndProject
Project("{FAE04EC0-301F-11D3-BF4B-00C04F79EFBC}") = "SwaggerAPIDocumentationTests", "SwaggerAPIDocumentationTests\SwaggerAPIDocumentationTests.csproj", "{784B8D7A-6FE9-494E-9EC8-41171AA5AD73}"
EndProject
Global
	GlobalSection(SolutionConfigurationPlatforms) = preSolution
		Debug|Any CPU = Debug|Any CPU
		Mvc3|Any CPU = Mvc3|Any CPU
		Mvc4|Any CPU = Mvc4|Any CPU
		Mvc5|Any CPU = Mvc5|Any CPU
		Mvc51|Any CPU = Mvc51|Any CPU
		Release|Any CPU = Release|Any CPU
	EndGlobalSection
	GlobalSection(ProjectConfigurationPlatforms) = postSolution
		{4FCE5370-4A7E-470D-A045-FC19C8F2D18B}.Debug|Any CPU.ActiveCfg = Debug|Any CPU
		{4FCE5370-4A7E-470D-A045-FC19C8F2D18B}.Debug|Any CPU.Build.0 = Debug|Any CPU
		{4FCE5370-4A7E-470D-A045-FC19C8F2D18B}.Mvc3|Any CPU.ActiveCfg = Mvc3|Any CPU
		{4FCE5370-4A7E-470D-A045-FC19C8F2D18B}.Mvc3|Any CPU.Build.0 = Mvc3|Any CPU
		{4FCE5370-4A7E-470D-A045-FC19C8F2D18B}.Mvc4|Any CPU.ActiveCfg = Mvc4|Any CPU
		{4FCE5370-4A7E-470D-A045-FC19C8F2D18B}.Mvc4|Any CPU.Build.0 = Mvc4|Any CPU
		{4FCE5370-4A7E-470D-A045-FC19C8F2D18B}.Mvc5|Any CPU.ActiveCfg = Mvc5|Any CPU
		{4FCE5370-4A7E-470D-A045-FC19C8F2D18B}.Mvc5|Any CPU.Build.0 = Mvc5|Any CPU
		{4FCE5370-4A7E-470D-A045-FC19C8F2D18B}.Mvc51|Any CPU.ActiveCfg = Mvc51|Any CPU
		{4FCE5370-4A7E-470D-A045-FC19C8F2D18B}.Mvc51|Any CPU.Build.0 = Mvc51|Any CPU
		{4FCE5370-4A7E-470D-A045-FC19C8F2D18B}.Release|Any CPU.ActiveCfg = Release|Any CPU
		{4FCE5370-4A7E-470D-A045-FC19C8F2D18B}.Release|Any CPU.Build.0 = Release|Any CPU
		{784B8D7A-6FE9-494E-9EC8-41171AA5AD73}.Debug|Any CPU.ActiveCfg = Debug|Any CPU
		{784B8D7A-6FE9-494E-9EC8-41171AA5AD73}.Debug|Any CPU.Build.0 = Debug|Any CPU
		{784B8D7A-6FE9-494E-9EC8-41171AA5AD73}.Mvc3|Any CPU.ActiveCfg = Mvc3|Any CPU
		{784B8D7A-6FE9-494E-9EC8-41171AA5AD73}.Mvc3|Any CPU.Build.0 = Mvc3|Any CPU
		{784B8D7A-6FE9-494E-9EC8-41171AA5AD73}.Mvc4|Any CPU.ActiveCfg = Mvc4|Any CPU
		{784B8D7A-6FE9-494E-9EC8-41171AA5AD73}.Mvc4|Any CPU.Build.0 = Mvc4|Any CPU
		{784B8D7A-6FE9-494E-9EC8-41171AA5AD73}.Mvc5|Any CPU.ActiveCfg = Mvc5|Any CPU
		{784B8D7A-6FE9-494E-9EC8-41171AA5AD73}.Mvc5|Any CPU.Build.0 = Mvc5|Any CPU
		{784B8D7A-6FE9-494E-9EC8-41171AA5AD73}.Mvc51|Any CPU.ActiveCfg = Mvc51|Any CPU
		{784B8D7A-6FE9-494E-9EC8-41171AA5AD73}.Mvc51|Any CPU.Build.0 = Mvc51|Any CPU
		{784B8D7A-6FE9-494E-9EC8-41171AA5AD73}.Release|Any CPU.ActiveCfg = Release|Any CPU
		{784B8D7A-6FE9-494E-9EC8-41171AA5AD73}.Release|Any CPU.Build.0 = Release|Any CPU
	EndGlobalSection
	GlobalSection(SolutionProperties) = preSolution
		HideSolutionNode = FALSE
	EndGlobalSection
EndGlobal
